
Microsoft Visual Studio Solution File, Format Version 12.00
# Visual Studio 15
VisualStudioVersion = 15.0.28307.1169
MinimumVisualStudioVersion = 10.0.40219.1
Project("{FAE04EC0-301F-11D3-BF4B-00C04F79EFBC}") = "CMSEditor", "CMSEditor\CMSEditor.csproj", "{ABFEE3D3-A25D-466F-AF0E-3BC9706DB4BA}"
EndProject
Global
	GlobalSection(SolutionConfigurationPlatforms) = preSolution
		Debug|Any CPU = Debug|Any CPU
		Release|Any CPU = Release|Any CPU
	EndGlobalSection
	GlobalSection(ProjectConfigurationPlatforms) = postSolution
		{ABFEE3D3-A25D-466F-AF0E-3BC9706DB4BA}.Debug|Any CPU.ActiveCfg = Debug|Any CPU
		{ABFEE3D3-A25D-466F-AF0E-3BC9706DB4BA}.Debug|Any CPU.Build.0 = Debug|Any CPU
		{ABFEE3D3-A25D-466F-AF0E-3BC9706DB4BA}.Release|Any CPU.ActiveCfg = Release|Any CPU
		{ABFEE3D3-A25D-466F-AF0E-3BC9706DB4BA}.Release|Any CPU.Build.0 = Release|Any CPU
	EndGlobalSection
	GlobalSection(SolutionProperties) = preSolution
		HideSolutionNode = FALSE
	EndGlobalSection
	GlobalSection(ExtensibilityGlobals) = postSolution
		SolutionGuid = {DE63991F-C849-43E9-980C-3E9AA0863292}
	EndGlobalSection
EndGlobal
